
Microsoft Visual Studio Solution File, Format Version 12.00
# Visual Studio Version 16
VisualStudioVersion = 16.0.32002.261
MinimumVisualStudioVersion = 10.0.40219.1
Project("{FAE04EC0-301F-11D3-BF4B-00C04F79EFBC}") = "24may", "24may\24may.csproj", "{EC4F10EF-FBC2-4036-B6F1-CC1E2F6AF254}"
EndProject
Global
	GlobalSection(SolutionConfigurationPlatforms) = preSolution
		Debug|Any CPU = Debug|Any CPU
		Release|Any CPU = Release|Any CPU
	EndGlobalSection
	GlobalSection(ProjectConfigurationPlatforms) = postSolution
		{EC4F10EF-FBC2-4036-B6F1-CC1E2F6AF254}.Debug|Any CPU.ActiveCfg = Debug|Any CPU
		{EC4F10EF-FBC2-4036-B6F1-CC1E2F6AF254}.Debug|Any CPU.Build.0 = Debug|Any CPU
		{EC4F10EF-FBC2-4036-B6F1-CC1E2F6AF254}.Release|Any CPU.ActiveCfg = Release|Any CPU
		{EC4F10EF-FBC2-4036-B6F1-CC1E2F6AF254}.Release|Any CPU.Build.0 = Release|Any CPU
	EndGlobalSection
	GlobalSection(SolutionProperties) = preSolution
		HideSolutionNode = FALSE
	EndGlobalSection
	GlobalSection(ExtensibilityGlobals) = postSolution
		SolutionGuid = {5E49B0D2-F426-4869-9239-C275B20AF056}
	EndGlobalSection
EndGlobal
